
Microsoft Visual Studio Solution File, Format Version 12.00
# Visual Studio Version 16
VisualStudioVersion = 16.0.30709.132
MinimumVisualStudioVersion = 10.0.40219.1
Project("{8BC9CEB8-8B4A-11D0-8D11-00A0C91BC942}") = "ConsoleApplication2", "ConsoleApplication2.vcxproj", "{CBBDE6D6-9096-40CC-87C8-DD6395CD44AA}"
EndProject
Global
	GlobalSection(SolutionConfigurationPlatforms) = preSolution
		Debug|x64 = Debug|x64
		Debug|x86 = Debug|x86
		Release|x64 = Release|x64
		Release|x86 = Release|x86
	EndGlobalSection
	GlobalSection(ProjectConfigurationPlatforms) = postSolution
		{CBBDE6D6-9096-40CC-87C8-DD6395CD44AA}.Debug|x64.ActiveCfg = Debug|x64
		{CBBDE6D6-9096-40CC-87C8-DD6395CD44AA}.Debug|x64.Build.0 = Debug|x64
		{CBBDE6D6-9096-40CC-87C8-DD6395CD44AA}.Debug|x86.ActiveCfg = Debug|Win32
		{CBBDE6D6-9096-40CC-87C8-DD6395CD44AA}.Debug|x86.Build.0 = Debug|Win32
		{CBBDE6D6-9096-40CC-87C8-DD6395CD44AA}.Release|x64.ActiveCfg = Release|x64
		{CBBDE6D6-9096-40CC-87C8-DD6395CD44AA}.Release|x64.Build.0 = Release|x64
		{CBBDE6D6-9096-40CC-87C8-DD6395CD44AA}.Release|x86.ActiveCfg = Release|Win32
		{CBBDE6D6-9096-40CC-87C8-DD6395CD44AA}.Release|x86.Build.0 = Release|Win32
	EndGlobalSection
	GlobalSection(SolutionProperties) = preSolution
		HideSolutionNode = FALSE
	EndGlobalSection
	GlobalSection(ExtensibilityGlobals) = postSolution
		SolutionGuid = {61007854-6507-4CA7-85FB-81CC6C67AB91}
	EndGlobalSection
EndGlobal
